<?xml version="1.0" encoding="UTF-8"?>
<Scheme
   version = "1.3">
   <BuildAction>
      <BuildActionEntries>
         <BuildActionEntry
            buildForRunning = "YES">
            <BuildableReference
               BuildableIdentifier = "primary"
               BlueprintIdentifier = "9DBACA1B0C0F67614CD768F8"
               BuildableName = "BigNerdRanch"
               BlueprintName = "BigNerdRanch"
               ReferencedContainer = "container:BigNerdRanch.xcodeproj">
            </BuildableReference>
         </BuildActionEntry>
      </BuildActionEntries>
   </BuildAction>
   <LaunchAction
      useCustomWorkingDirectory = "NO"
      buildConfiguration = "Debug"
      allowLocationSimulation = "YES">
      <BuildableProductRunnable>
         <BuildableReference
            BuildableIdentifier = "primary"
            BlueprintIdentifier = "9DBACA1B0C0F67614CD768F8"
            BuildableName = "BigNerdRanch"
            BlueprintName = "BigNerdRanch"
            ReferencedContainer = "container:BigNerdRanch.xcodeproj">
         </BuildableReference>
      </BuildableProductRunnable>
   </LaunchAction>
</Scheme>
